
Microsoft Visual Studio Solution File, Format Version 12.00
# Visual Studio Version 16
VisualStudioVersion = 16.0.31727.386
MinimumVisualStudioVersion = 10.0.40219.1
Project("{FAE04EC0-301F-11D3-BF4B-00C04F79EFBC}") = "ASPLab7", "ASPLab7\ASPLab7.csproj", "{AEF11FB2-A09D-4729-84D0-B738E70ADD71}"
EndProject
Global
	GlobalSection(SolutionConfigurationPlatforms) = preSolution
		Debug|Any CPU = Debug|Any CPU
		Release|Any CPU = Release|Any CPU
	EndGlobalSection
	GlobalSection(ProjectConfigurationPlatforms) = postSolution
		{AEF11FB2-A09D-4729-84D0-B738E70ADD71}.Debug|Any CPU.ActiveCfg = Debug|Any CPU
		{AEF11FB2-A09D-4729-84D0-B738E70ADD71}.Debug|Any CPU.Build.0 = Debug|Any CPU
		{AEF11FB2-A09D-4729-84D0-B738E70ADD71}.Release|Any CPU.ActiveCfg = Release|Any CPU
		{AEF11FB2-A09D-4729-84D0-B738E70ADD71}.Release|Any CPU.Build.0 = Release|Any CPU
	EndGlobalSection
	GlobalSection(SolutionProperties) = preSolution
		HideSolutionNode = FALSE
	EndGlobalSection
	GlobalSection(ExtensibilityGlobals) = postSolution
		SolutionGuid = {544CA76B-37DC-4F0E-A581-327608CA631F}
	EndGlobalSection
EndGlobal
